
Microsoft Visual Studio Solution File, Format Version 11.00
# Visual Studio 2010
Project("{8BC9CEB8-8B4A-11D0-8D11-00A0C91BC942}") = "CreateProccess_ONLY", "CreateProccess_ONLY\CreateProccess_ONLY.vcxproj", "{FD41F79E-66B0-4D26-9C0A-DAF8898FF1A2}"
EndProject
Project("{8BC9CEB8-8B4A-11D0-8D11-00A0C91BC942}") = "test_QueryPerformanceFrequency", "test_QueryPerformanceFrequency\test_QueryPerformanceFrequency.vcxproj", "{35E10F47-0A4A-46D9-A3A7-599B1D6B9AAC}"
EndProject
Project("{8BC9CEB8-8B4A-11D0-8D11-00A0C91BC942}") = "SqliteRead", "SqliteRead\SqliteRead.vcxproj", "{0285CEED-4025-4618-B4EC-0A2F6AD6E7B2}"
EndProject
Project("{8BC9CEB8-8B4A-11D0-8D11-00A0C91BC942}") = "libmssqllog", "libmssqllog\libmssqllog.vcxproj", "{42F5A1B5-91C7-4BDF-8EC7-F3C7D6166D1A}"
EndProject
Project("{8BC9CEB8-8B4A-11D0-8D11-00A0C91BC942}") = "SqliteWrite", "SqliteWrite\SqliteWrite.vcxproj", "{0C8E5707-E1A6-46CC-A767-F109983C4106}"
EndProject
Project("{8BC9CEB8-8B4A-11D0-8D11-00A0C91BC942}") = "BreakPoint_test", "BreakPoint_test\BreakPoint_test.vcxproj", "{C2D9F246-7FB4-4E33-A38A-3D549500FDBB}"
EndProject
Project("{8BC9CEB8-8B4A-11D0-8D11-00A0C91BC942}") = "PiPe_Read", "PiPe_Read\PiPe_Read.vcxproj", "{8BA47456-FD0B-4143-93EE-8EA2D5944D10}"
EndProject
Project("{8BC9CEB8-8B4A-11D0-8D11-00A0C91BC942}") = "ODBC_test", "ODBC_test\ODBC_test.vcxproj", "{C03DBEC4-6386-4239-8A40-58C97AEC8E6B}"
EndProject
Project("{8BC9CEB8-8B4A-11D0-8D11-00A0C91BC942}") = "ADO_TEST", "ADO_TEST\ADO_TEST.vcxproj", "{95035B7C-22D3-42D5-8A70-91FEF580F5D6}"
EndProject
Project("{8BC9CEB8-8B4A-11D0-8D11-00A0C91BC942}") = "FileSend_Client", "FileSend_Client\FileSend_Client.vcxproj", "{F7F58334-0B90-44D9-8D5B-D76A90364BA4}"
EndProject
Project("{8BC9CEB8-8B4A-11D0-8D11-00A0C91BC942}") = "FileSend_Server", "FileSend_Server\FileSend_Server.vcxproj", "{8094FAF3-A8A2-447F-B359-9A94E4A13CCD}"
EndProject
Project("{8BC9CEB8-8B4A-11D0-8D11-00A0C91BC942}") = "Read_FileName", "Read_FileName\Read_FileName.vcxproj", "{DD6B5F7D-FDB3-4380-A10D-B8B087FB1943}"
EndProject
Project("{8BC9CEB8-8B4A-11D0-8D11-00A0C91BC942}") = "MeMory_Pool", "MeMory_Pool\MeMory_Pool.vcxproj", "{2E88D0B5-6E8A-4C5B-BEAE-D07869F62D47}"
EndProject
Project("{8BC9CEB8-8B4A-11D0-8D11-00A0C91BC942}") = "Read_Config", "Read_Config\Read_Config.vcxproj", "{F92AEBCD-A17C-4E93-AA4A-931759EFBB45}"
EndProject
Project("{8BC9CEB8-8B4A-11D0-8D11-00A0C91BC942}") = "VDI_Demo", "VDI_Demo\VDI_Demo.vcxproj", "{8D7B7056-969C-4922-BE57-0674BF2B2115}"
EndProject
Project("{8BC9CEB8-8B4A-11D0-8D11-00A0C91BC942}") = "ADO_Example", "ADO_Example\ADO_Example.vcxproj", "{BFE721F8-1645-4B78-B9E5-4760A2A327CC}"
EndProject
Project("{8BC9CEB8-8B4A-11D0-8D11-00A0C91BC942}") = "Share_Memory_Demo", "Share_Memory_Demo\Share_Memory_Demo.vcxproj", "{21A42C90-A099-48B7-B6EE-9E504BC18FF8}"
EndProject
Project("{8BC9CEB8-8B4A-11D0-8D11-00A0C91BC942}") = "PR_Share_Memory_Demo", "PR_Share_Memory_Demo\PR_Share_Memory_Demo.vcxproj", "{0C64331E-5FCB-4BBA-928C-5423C45A3170}"
EndProject
Project("{8BC9CEB8-8B4A-11D0-8D11-00A0C91BC942}") = "Struct", "Struct\Struct.vcxproj", "{1A8FED5F-7984-420D-B5CC-A9F462832538}"
EndProject
Project("{8BC9CEB8-8B4A-11D0-8D11-00A0C91BC942}") = "ADO_convertData", "ADO_convertData\ADO_convertData.vcxproj", "{8EC10FEE-BB09-4C59-83CB-A3AFB1C30A66}"
EndProject
Project("{8BC9CEB8-8B4A-11D0-8D11-00A0C91BC942}") = "GetMSSQLVersion", "GetMSSQLVersion\GetMSSQLVersion.vcxproj", "{BC40E578-BE2D-45F2-A454-F8AEB15C19D5}"
EndProject
Project("{8BC9CEB8-8B4A-11D0-8D11-00A0C91BC942}") = "fstuil", "fstuil\fstuil.vcxproj", "{70E674C3-D352-4677-95AC-9E98270EA431}"
EndProject
Project("{8BC9CEB8-8B4A-11D0-8D11-00A0C91BC942}") = "LeetCode", "LeetCode\LeetCode.vcxproj", "{8F8C7643-C6BE-4427-BF9A-BD62E5944A75}"
EndProject
Project("{8BC9CEB8-8B4A-11D0-8D11-00A0C91BC942}") = "NetTrans", "NetTrans\NetTrans.vcxproj", "{8F1C182B-A737-4E5B-8EE2-1BDE227E4626}"
EndProject
Project("{8BC9CEB8-8B4A-11D0-8D11-00A0C91BC942}") = "Class_test", "Class_test\Class_test.vcxproj", "{92B7B1CC-DE96-4B4B-8213-8E0314B17DEF}"
EndProject
Project("{8BC9CEB8-8B4A-11D0-8D11-00A0C91BC942}") = "CreateService", "CreateService\CreateService.vcxproj", "{CBFD525A-2A49-4DA4-99A1-936FAB7E8FD5}"
EndProject
Project("{8BC9CEB8-8B4A-11D0-8D11-00A0C91BC942}") = "LinuxTest", "LinuxTest\LinuxTest.vcxproj", "{4F65CD2D-7513-49F1-87AD-40B260D6692E}"
EndProject
Global
	GlobalSection(SolutionConfigurationPlatforms) = preSolution
		Debug|Win32 = Debug|Win32
		Debug|x64 = Debug|x64
		Release|Win32 = Release|Win32
		Release|x64 = Release|x64
	EndGlobalSection
	GlobalSection(ProjectConfigurationPlatforms) = postSolution
		{FD41F79E-66B0-4D26-9C0A-DAF8898FF1A2}.Debug|Win32.ActiveCfg = Debug|Win32
		{FD41F79E-66B0-4D26-9C0A-DAF8898FF1A2}.Debug|Win32.Build.0 = Debug|Win32
		{FD41F79E-66B0-4D26-9C0A-DAF8898FF1A2}.Debug|x64.ActiveCfg = Debug|x64
		{FD41F79E-66B0-4D26-9C0A-DAF8898FF1A2}.Debug|x64.Build.0 = Debug|x64
		{FD41F79E-66B0-4D26-9C0A-DAF8898FF1A2}.Release|Win32.ActiveCfg = Release|Win32
		{FD41F79E-66B0-4D26-9C0A-DAF8898FF1A2}.Release|Win32.Build.0 = Release|Win32
		{FD41F79E-66B0-4D26-9C0A-DAF8898FF1A2}.Release|x64.ActiveCfg = Release|x64
		{FD41F79E-66B0-4D26-9C0A-DAF8898FF1A2}.Release|x64.Build.0 = Release|x64
		{35E10F47-0A4A-46D9-A3A7-599B1D6B9AAC}.Debug|Win32.ActiveCfg = Debug|Win32
		{35E10F47-0A4A-46D9-A3A7-599B1D6B9AAC}.Debug|Win32.Build.0 = Debug|Win32
		{35E10F47-0A4A-46D9-A3A7-599B1D6B9AAC}.Debug|x64.ActiveCfg = Debug|x64
		{35E10F47-0A4A-46D9-A3A7-599B1D6B9AAC}.Debug|x64.Build.0 = Debug|x64
		{35E10F47-0A4A-46D9-A3A7-599B1D6B9AAC}.Release|Win32.ActiveCfg = Release|Win32
		{35E10F47-0A4A-46D9-A3A7-599B1D6B9AAC}.Release|Win32.Build.0 = Release|Win32
		{35E10F47-0A4A-46D9-A3A7-599B1D6B9AAC}.Release|x64.ActiveCfg = Release|x64
		{35E10F47-0A4A-46D9-A3A7-599B1D6B9AAC}.Release|x64.Build.0 = Release|x64
		{0285CEED-4025-4618-B4EC-0A2F6AD6E7B2}.Debug|Win32.ActiveCfg = Debug|Win32
		{0285CEED-4025-4618-B4EC-0A2F6AD6E7B2}.Debug|Win32.Build.0 = Debug|Win32
		{0285CEED-4025-4618-B4EC-0A2F6AD6E7B2}.Debug|x64.ActiveCfg = Debug|x64
		{0285CEED-4025-4618-B4EC-0A2F6AD6E7B2}.Debug|x64.Build.0 = Debug|x64
		{0285CEED-4025-4618-B4EC-0A2F6AD6E7B2}.Release|Win32.ActiveCfg = Release|Win32
		{0285CEED-4025-4618-B4EC-0A2F6AD6E7B2}.Release|Win32.Build.0 = Release|Win32
		{0285CEED-4025-4618-B4EC-0A2F6AD6E7B2}.Release|x64.ActiveCfg = Release|x64
		{0285CEED-4025-4618-B4EC-0A2F6AD6E7B2}.Release|x64.Build.0 = Release|x64
		{42F5A1B5-91C7-4BDF-8EC7-F3C7D6166D1A}.Debug|Win32.ActiveCfg = Debug|Win32
		{42F5A1B5-91C7-4BDF-8EC7-F3C7D6166D1A}.Debug|Win32.Build.0 = Debug|Win32
		{42F5A1B5-91C7-4BDF-8EC7-F3C7D6166D1A}.Debug|x64.ActiveCfg = Debug|x64
		{42F5A1B5-91C7-4BDF-8EC7-F3C7D6166D1A}.Debug|x64.Build.0 = Debug|x64
		{42F5A1B5-91C7-4BDF-8EC7-F3C7D6166D1A}.Release|Win32.ActiveCfg = Release|Win32
		{42F5A1B5-91C7-4BDF-8EC7-F3C7D6166D1A}.Release|Win32.Build.0 = Release|Win32
		{42F5A1B5-91C7-4BDF-8EC7-F3C7D6166D1A}.Release|x64.ActiveCfg = Release|x64
		{42F5A1B5-91C7-4BDF-8EC7-F3C7D6166D1A}.Release|x64.Build.0 = Release|x64
		{0C8E5707-E1A6-46CC-A767-F109983C4106}.Debug|Win32.ActiveCfg = Debug|Win32
		{0C8E5707-E1A6-46CC-A767-F109983C4106}.Debug|Win32.Build.0 = Debug|Win32
		{0C8E5707-E1A6-46CC-A767-F109983C4106}.Debug|x64.ActiveCfg = Debug|x64
		{0C8E5707-E1A6-46CC-A767-F109983C4106}.Debug|x64.Build.0 = Debug|x64
		{0C8E5707-E1A6-46CC-A767-F109983C4106}.Release|Win32.ActiveCfg = Release|Win32
		{0C8E5707-E1A6-46CC-A767-F109983C4106}.Release|Win32.Build.0 = Release|Win32
		{0C8E5707-E1A6-46CC-A767-F109983C4106}.Release|x64.ActiveCfg = Release|x64
		{0C8E5707-E1A6-46CC-A767-F109983C4106}.Release|x64.Build.0 = Release|x64
		{C2D9F246-7FB4-4E33-A38A-3D549500FDBB}.Debug|Win32.ActiveCfg = Debug|Win32
		{C2D9F246-7FB4-4E33-A38A-3D549500FDBB}.Debug|Win32.Build.0 = Debug|Win32
		{C2D9F246-7FB4-4E33-A38A-3D549500FDBB}.Debug|x64.ActiveCfg = Debug|x64
		{C2D9F246-7FB4-4E33-A38A-3D549500FDBB}.Debug|x64.Build.0 = Debug|x64
		{C2D9F246-7FB4-4E33-A38A-3D549500FDBB}.Release|Win32.ActiveCfg = Release|Win32
		{C2D9F246-7FB4-4E33-A38A-3D549500FDBB}.Release|Win32.Build.0 = Release|Win32
		{C2D9F246-7FB4-4E33-A38A-3D549500FDBB}.Release|x64.ActiveCfg = Release|x64
		{C2D9F246-7FB4-4E33-A38A-3D549500FDBB}.Release|x64.Build.0 = Release|x64
		{8BA47456-FD0B-4143-93EE-8EA2D5944D10}.Debug|Win32.ActiveCfg = Debug|Win32
		{8BA47456-FD0B-4143-93EE-8EA2D5944D10}.Debug|Win32.Build.0 = Debug|Win32
		{8BA47456-FD0B-4143-93EE-8EA2D5944D10}.Debug|x64.ActiveCfg = Debug|x64
		{8BA47456-FD0B-4143-93EE-8EA2D5944D10}.Debug|x64.Build.0 = Debug|x64
		{8BA47456-FD0B-4143-93EE-8EA2D5944D10}.Release|Win32.ActiveCfg = Release|Win32
		{8BA47456-FD0B-4143-93EE-8EA2D5944D10}.Release|Win32.Build.0 = Release|Win32
		{8BA47456-FD0B-4143-93EE-8EA2D5944D10}.Release|x64.ActiveCfg = Release|x64
		{8BA47456-FD0B-4143-93EE-8EA2D5944D10}.Release|x64.Build.0 = Release|x64
		{C03DBEC4-6386-4239-8A40-58C97AEC8E6B}.Debug|Win32.ActiveCfg = Debug|Win32
		{C03DBEC4-6386-4239-8A40-58C97AEC8E6B}.Debug|Win32.Build.0 = Debug|Win32
		{C03DBEC4-6386-4239-8A40-58C97AEC8E6B}.Debug|x64.ActiveCfg = Debug|x64
		{C03DBEC4-6386-4239-8A40-58C97AEC8E6B}.Debug|x64.Build.0 = Debug|x64
		{C03DBEC4-6386-4239-8A40-58C97AEC8E6B}.Release|Win32.ActiveCfg = Release|Win32
		{C03DBEC4-6386-4239-8A40-58C97AEC8E6B}.Release|Win32.Build.0 = Release|Win32
		{C03DBEC4-6386-4239-8A40-58C97AEC8E6B}.Release|x64.ActiveCfg = Release|x64
		{C03DBEC4-6386-4239-8A40-58C97AEC8E6B}.Release|x64.Build.0 = Release|x64
		{95035B7C-22D3-42D5-8A70-91FEF580F5D6}.Debug|Win32.ActiveCfg = Debug|Win32
		{95035B7C-22D3-42D5-8A70-91FEF580F5D6}.Debug|Win32.Build.0 = Debug|Win32
		{95035B7C-22D3-42D5-8A70-91FEF580F5D6}.Debug|x64.ActiveCfg = Debug|x64
		{95035B7C-22D3-42D5-8A70-91FEF580F5D6}.Debug|x64.Build.0 = Debug|x64
		{95035B7C-22D3-42D5-8A70-91FEF580F5D6}.Release|Win32.ActiveCfg = Release|Win32
		{95035B7C-22D3-42D5-8A70-91FEF580F5D6}.Release|Win32.Build.0 = Release|Win32
		{95035B7C-22D3-42D5-8A70-91FEF580F5D6}.Release|x64.ActiveCfg = Release|x64
		{95035B7C-22D3-42D5-8A70-91FEF580F5D6}.Release|x64.Build.0 = Release|x64
		{F7F58334-0B90-44D9-8D5B-D76A90364BA4}.Debug|Win32.ActiveCfg = Debug|Win32
		{F7F58334-0B90-44D9-8D5B-D76A90364BA4}.Debug|Win32.Build.0 = Debug|Win32
		{F7F58334-0B90-44D9-8D5B-D76A90364BA4}.Debug|x64.ActiveCfg = Debug|x64
		{F7F58334-0B90-44D9-8D5B-D76A90364BA4}.Debug|x64.Build.0 = Debug|x64
		{F7F58334-0B90-44D9-8D5B-D76A90364BA4}.Release|Win32.ActiveCfg = Release|Win32
		{F7F58334-0B90-44D9-8D5B-D76A90364BA4}.Release|Win32.Build.0 = Release|Win32
		{F7F58334-0B90-44D9-8D5B-D76A90364BA4}.Release|x64.ActiveCfg = Release|x64
		{F7F58334-0B90-44D9-8D5B-D76A90364BA4}.Release|x64.Build.0 = Release|x64
		{8094FAF3-A8A2-447F-B359-9A94E4A13CCD}.Debug|Win32.ActiveCfg = Debug|Win32
		{8094FAF3-A8A2-447F-B359-9A94E4A13CCD}.Debug|Win32.Build.0 = Debug|Win32
		{8094FAF3-A8A2-447F-B359-9A94E4A13CCD}.Debug|x64.ActiveCfg = Debug|x64
		{8094FAF3-A8A2-447F-B359-9A94E4A13CCD}.Debug|x64.Build.0 = Debug|x64
		{8094FAF3-A8A2-447F-B359-9A94E4A13CCD}.Release|Win32.ActiveCfg = Release|Win32
		{8094FAF3-A8A2-447F-B359-9A94E4A13CCD}.Release|Win32.Build.0 = Release|Win32
		{8094FAF3-A8A2-447F-B359-9A94E4A13CCD}.Release|x64.ActiveCfg = Release|x64
		{8094FAF3-A8A2-447F-B359-9A94E4A13CCD}.Release|x64.Build.0 = Release|x64
		{DD6B5F7D-FDB3-4380-A10D-B8B087FB1943}.Debug|Win32.ActiveCfg = Debug|Win32
		{DD6B5F7D-FDB3-4380-A10D-B8B087FB1943}.Debug|Win32.Build.0 = Debug|Win32
		{DD6B5F7D-FDB3-4380-A10D-B8B087FB1943}.Debug|x64.ActiveCfg = Debug|x64
		{DD6B5F7D-FDB3-4380-A10D-B8B087FB1943}.Debug|x64.Build.0 = Debug|x64
		{DD6B5F7D-FDB3-4380-A10D-B8B087FB1943}.Release|Win32.ActiveCfg = Release|Win32
		{DD6B5F7D-FDB3-4380-A10D-B8B087FB1943}.Release|Win32.Build.0 = Release|Win32
		{DD6B5F7D-FDB3-4380-A10D-B8B087FB1943}.Release|x64.ActiveCfg = Release|x64
		{DD6B5F7D-FDB3-4380-A10D-B8B087FB1943}.Release|x64.Build.0 = Release|x64
		{2E88D0B5-6E8A-4C5B-BEAE-D07869F62D47}.Debug|Win32.ActiveCfg = Debug|Win32
		{2E88D0B5-6E8A-4C5B-BEAE-D07869F62D47}.Debug|Win32.Build.0 = Debug|Win32
		{2E88D0B5-6E8A-4C5B-BEAE-D07869F62D47}.Debug|x64.ActiveCfg = Debug|x64
		{2E88D0B5-6E8A-4C5B-BEAE-D07869F62D47}.Debug|x64.Build.0 = Debug|x64
		{2E88D0B5-6E8A-4C5B-BEAE-D07869F62D47}.Release|Win32.ActiveCfg = Release|Win32
		{2E88D0B5-6E8A-4C5B-BEAE-D07869F62D47}.Release|Win32.Build.0 = Release|Win32
		{2E88D0B5-6E8A-4C5B-BEAE-D07869F62D47}.Release|x64.ActiveCfg = Release|x64
		{2E88D0B5-6E8A-4C5B-BEAE-D07869F62D47}.Release|x64.Build.0 = Release|x64
		{F92AEBCD-A17C-4E93-AA4A-931759EFBB45}.Debug|Win32.ActiveCfg = Debug|Win32
		{F92AEBCD-A17C-4E93-AA4A-931759EFBB45}.Debug|Win32.Build.0 = Debug|Win32
		{F92AEBCD-A17C-4E93-AA4A-931759EFBB45}.Debug|x64.ActiveCfg = Debug|Win32
		{F92AEBCD-A17C-4E93-AA4A-931759EFBB45}.Release|Win32.ActiveCfg = Release|Win32
		{F92AEBCD-A17C-4E93-AA4A-931759EFBB45}.Release|Win32.Build.0 = Release|Win32
		{F92AEBCD-A17C-4E93-AA4A-931759EFBB45}.Release|x64.ActiveCfg = Release|Win32
		{8D7B7056-969C-4922-BE57-0674BF2B2115}.Debug|Win32.ActiveCfg = Debug|Win32
		{8D7B7056-969C-4922-BE57-0674BF2B2115}.Debug|Win32.Build.0 = Debug|Win32
		{8D7B7056-969C-4922-BE57-0674BF2B2115}.Debug|x64.ActiveCfg = Debug|Win32
		{8D7B7056-969C-4922-BE57-0674BF2B2115}.Release|Win32.ActiveCfg = Release|Win32
		{8D7B7056-969C-4922-BE57-0674BF2B2115}.Release|Win32.Build.0 = Release|Win32
		{8D7B7056-969C-4922-BE57-0674BF2B2115}.Release|x64.ActiveCfg = Release|Win32
		{BFE721F8-1645-4B78-B9E5-4760A2A327CC}.Debug|Win32.ActiveCfg = Debug|Win32
		{BFE721F8-1645-4B78-B9E5-4760A2A327CC}.Debug|Win32.Build.0 = Debug|Win32
		{BFE721F8-1645-4B78-B9E5-4760A2A327CC}.Debug|x64.ActiveCfg = Debug|Win32
		{BFE721F8-1645-4B78-B9E5-4760A2A327CC}.Release|Win32.ActiveCfg = Release|Win32
		{BFE721F8-1645-4B78-B9E5-4760A2A327CC}.Release|Win32.Build.0 = Release|Win32
		{BFE721F8-1645-4B78-B9E5-4760A2A327CC}.Release|x64.ActiveCfg = Release|Win32
		{21A42C90-A099-48B7-B6EE-9E504BC18FF8}.Debug|Win32.ActiveCfg = Debug|Win32
		{21A42C90-A099-48B7-B6EE-9E504BC18FF8}.Debug|Win32.Build.0 = Debug|Win32
		{21A42C90-A099-48B7-B6EE-9E504BC18FF8}.Debug|x64.ActiveCfg = Debug|Win32
		{21A42C90-A099-48B7-B6EE-9E504BC18FF8}.Release|Win32.ActiveCfg = Release|Win32
		{21A42C90-A099-48B7-B6EE-9E504BC18FF8}.Release|Win32.Build.0 = Release|Win32
		{21A42C90-A099-48B7-B6EE-9E504BC18FF8}.Release|x64.ActiveCfg = Release|Win32
		{0C64331E-5FCB-4BBA-928C-5423C45A3170}.Debug|Win32.ActiveCfg = Debug|Win32
		{0C64331E-5FCB-4BBA-928C-5423C45A3170}.Debug|Win32.Build.0 = Debug|Win32
		{0C64331E-5FCB-4BBA-928C-5423C45A3170}.Debug|x64.ActiveCfg = Debug|Win32
		{0C64331E-5FCB-4BBA-928C-5423C45A3170}.Release|Win32.ActiveCfg = Release|Win32
		{0C64331E-5FCB-4BBA-928C-5423C45A3170}.Release|Win32.Build.0 = Release|Win32
		{0C64331E-5FCB-4BBA-928C-5423C45A3170}.Release|x64.ActiveCfg = Release|Win32
		{1A8FED5F-7984-420D-B5CC-A9F462832538}.Debug|Win32.ActiveCfg = Debug|Win32
		{1A8FED5F-7984-420D-B5CC-A9F462832538}.Debug|Win32.Build.0 = Debug|Win32
		{1A8FED5F-7984-420D-B5CC-A9F462832538}.Debug|x64.ActiveCfg = Debug|Win32
		{1A8FED5F-7984-420D-B5CC-A9F462832538}.Release|Win32.ActiveCfg = Release|Win32
		{1A8FED5F-7984-420D-B5CC-A9F462832538}.Release|Win32.Build.0 = Release|Win32
		{1A8FED5F-7984-420D-B5CC-A9F462832538}.Release|x64.ActiveCfg = Release|Win32
		{8EC10FEE-BB09-4C59-83CB-A3AFB1C30A66}.Debug|Win32.ActiveCfg = Debug|Win32
		{8EC10FEE-BB09-4C59-83CB-A3AFB1C30A66}.Debug|Win32.Build.0 = Debug|Win32
		{8EC10FEE-BB09-4C59-83CB-A3AFB1C30A66}.Debug|x64.ActiveCfg = Debug|Win32
		{8EC10FEE-BB09-4C59-83CB-A3AFB1C30A66}.Release|Win32.ActiveCfg = Release|Win32
		{8EC10FEE-BB09-4C59-83CB-A3AFB1C30A66}.Release|Win32.Build.0 = Release|Win32
		{8EC10FEE-BB09-4C59-83CB-A3AFB1C30A66}.Release|x64.ActiveCfg = Release|Win32
		{BC40E578-BE2D-45F2-A454-F8AEB15C19D5}.Debug|Win32.ActiveCfg = Debug|Win32
		{BC40E578-BE2D-45F2-A454-F8AEB15C19D5}.Debug|Win32.Build.0 = Debug|Win32
		{BC40E578-BE2D-45F2-A454-F8AEB15C19D5}.Debug|x64.ActiveCfg = Debug|Win32
		{BC40E578-BE2D-45F2-A454-F8AEB15C19D5}.Release|Win32.ActiveCfg = Release|Win32
		{BC40E578-BE2D-45F2-A454-F8AEB15C19D5}.Release|Win32.Build.0 = Release|Win32
		{BC40E578-BE2D-45F2-A454-F8AEB15C19D5}.Release|x64.ActiveCfg = Release|Win32
		{70E674C3-D352-4677-95AC-9E98270EA431}.Debug|Win32.ActiveCfg = Debug|Win32
		{70E674C3-D352-4677-95AC-9E98270EA431}.Debug|Win32.Build.0 = Debug|Win32
		{70E674C3-D352-4677-95AC-9E98270EA431}.Debug|x64.ActiveCfg = Debug|Win32
		{70E674C3-D352-4677-95AC-9E98270EA431}.Release|Win32.ActiveCfg = Release|Win32
		{70E674C3-D352-4677-95AC-9E98270EA431}.Release|Win32.Build.0 = Release|Win32
		{70E674C3-D352-4677-95AC-9E98270EA431}.Release|x64.ActiveCfg = Release|Win32
		{8F8C7643-C6BE-4427-BF9A-BD62E5944A75}.Debug|Win32.ActiveCfg = Debug|Win32
		{8F8C7643-C6BE-4427-BF9A-BD62E5944A75}.Debug|Win32.Build.0 = Debug|Win32
		{8F8C7643-C6BE-4427-BF9A-BD62E5944A75}.Debug|x64.ActiveCfg = Debug|Win32
		{8F8C7643-C6BE-4427-BF9A-BD62E5944A75}.Release|Win32.ActiveCfg = Release|Win32
		{8F8C7643-C6BE-4427-BF9A-BD62E5944A75}.Release|Win32.Build.0 = Release|Win32
		{8F8C7643-C6BE-4427-BF9A-BD62E5944A75}.Release|x64.ActiveCfg = Release|Win32
		{8F1C182B-A737-4E5B-8EE2-1BDE227E4626}.Debug|Win32.ActiveCfg = Debug|Win32
		{8F1C182B-A737-4E5B-8EE2-1BDE227E4626}.Debug|Win32.Build.0 = Debug|Win32
		{8F1C182B-A737-4E5B-8EE2-1BDE227E4626}.Debug|x64.ActiveCfg = Debug|Win32
		{8F1C182B-A737-4E5B-8EE2-1BDE227E4626}.Release|Win32.ActiveCfg = Release|Win32
		{8F1C182B-A737-4E5B-8EE2-1BDE227E4626}.Release|Win32.Build.0 = Release|Win32
		{8F1C182B-A737-4E5B-8EE2-1BDE227E4626}.Release|x64.ActiveCfg = Release|Win32
		{92B7B1CC-DE96-4B4B-8213-8E0314B17DEF}.Debug|Win32.ActiveCfg = Debug|Win32
		{92B7B1CC-DE96-4B4B-8213-8E0314B17DEF}.Debug|Win32.Build.0 = Debug|Win32
		{92B7B1CC-DE96-4B4B-8213-8E0314B17DEF}.Debug|x64.ActiveCfg = Debug|Win32
		{92B7B1CC-DE96-4B4B-8213-8E0314B17DEF}.Release|Win32.ActiveCfg = Release|Win32
		{92B7B1CC-DE96-4B4B-8213-8E0314B17DEF}.Release|Win32.Build.0 = Release|Win32
		{92B7B1CC-DE96-4B4B-8213-8E0314B17DEF}.Release|x64.ActiveCfg = Release|Win32
		{CBFD525A-2A49-4DA4-99A1-936FAB7E8FD5}.Debug|Win32.ActiveCfg = Debug|Win32
		{CBFD525A-2A49-4DA4-99A1-936FAB7E8FD5}.Debug|Win32.Build.0 = Debug|Win32
		{CBFD525A-2A49-4DA4-99A1-936FAB7E8FD5}.Debug|x64.ActiveCfg = Debug|Win32
		{CBFD525A-2A49-4DA4-99A1-936FAB7E8FD5}.Release|Win32.ActiveCfg = Release|Win32
		{CBFD525A-2A49-4DA4-99A1-936FAB7E8FD5}.Release|Win32.Build.0 = Release|Win32
		{CBFD525A-2A49-4DA4-99A1-936FAB7E8FD5}.Release|x64.ActiveCfg = Release|Win32
		{4F65CD2D-7513-49F1-87AD-40B260D6692E}.Debug|Win32.ActiveCfg = Debug|Win32
		{4F65CD2D-7513-49F1-87AD-40B260D6692E}.Debug|Win32.Build.0 = Debug|Win32
		{4F65CD2D-7513-49F1-87AD-40B260D6692E}.Debug|x64.ActiveCfg = Debug|Win32
		{4F65CD2D-7513-49F1-87AD-40B260D6692E}.Release|Win32.ActiveCfg = Release|Win32
		{4F65CD2D-7513-49F1-87AD-40B260D6692E}.Release|Win32.Build.0 = Release|Win32
		{4F65CD2D-7513-49F1-87AD-40B260D6692E}.Release|x64.ActiveCfg = Release|Win32
	EndGlobalSection
	GlobalSection(SolutionProperties) = preSolution
		HideSolutionNode = FALSE
	EndGlobalSection
EndGlobal
